// !$*UTF8*$!
{
	archiveVersion = 1;
	classes = {
	};
	objectVersion = 46;
	objects = {
/* Begin PBXBuildFile section */
		858B842D18CA22B800AB12DE /* InfoPlist.strings in Resources */ = {isa = PBXBuildFile; fileRef = 858B833A18CA111C00AB12DE /* InfoPlist.strings */; };
		CD45EE7C18DC2D5800FB50C0 /* app in Resources */ = {isa = PBXBuildFile; fileRef = CD45EE7A18DC2D5800FB50C0 /* app */; };
		CD62955D1BB2678900AE3A93 /* main.m in Sources */ = {isa = PBXBuildFile; fileRef = CD62955C1BB2678900AE3A93 /* main.m */; };
		CF221E41486D489EB81C712E /* Default-568h@2x.png in Resources */ = {isa = PBXBuildFile; fileRef = 23C0D55846A2455C8A01A73A /* Default-568h@2x.png */; };
		BF2A32DA5BAC468E95FF07EE /* Default-667h@2x.png in Resources */ = {isa = PBXBuildFile; fileRef = EF975A714DDC4FBA86DFBBC0 /* Default-667h@2x.png */; };
		FE27456A98A64788AADCAE9C /* Default-736h@3x.png in Resources */ = {isa = PBXBuildFile; fileRef = 5B06434FE1994DA0944E1FE1 /* Default-736h@3x.png */; };
		DBE10A6D40384FBF8FC8A9D5 /* Default-Landscape-568h@2x.png in Resources */ = {isa = PBXBuildFile; fileRef = EBE7A82F7D214D02B296678D /* Default-Landscape-568h@2x.png */; };
		BDCF4D566B07469DB1909B86 /* Default-Landscape-667h@2x.png in Resources */ = {isa = PBXBuildFile; fileRef = C82A5CB8AA054D8E9854809D /* Default-Landscape-667h@2x.png */; };
		A7B69065D7C241DDAED17B55 /* Default-Landscape.png in Resources */ = {isa = PBXBuildFile; fileRef = 7631E9B275A7471587627B2D /* Default-Landscape.png */; };
		9A0F746E07EE4FF2AE321FD4 /* Default-Landscape@2x.png in Resources */ = {isa = PBXBuildFile; fileRef = FBD948A78D704D9D94B98DC9 /* Default-Landscape@2x.png */; };
		70F4BCA8F0A64C708833A140 /* Default-Landscape@3x.png in Resources */ = {isa = PBXBuildFile; fileRef = 7008E31D4F0446D58EF0A82C /* Default-Landscape@3x.png */; };
		72356519E02446A89AD24A33 /* Default-Portrait.png in Resources */ = {isa = PBXBuildFile; fileRef = 0C37DFCB059549FBA73CAC66 /* Default-Portrait.png */; };
		824144EB7AC04BA681621F29 /* Default-Portrait@2x.png in Resources */ = {isa = PBXBuildFile; fileRef = 0585DF5DE7324249A71A0E70 /* Default-Portrait@2x.png */; };
		C5B66D517056471DB5B49462 /* Default.png in Resources */ = {isa = PBXBuildFile; fileRef = 4E1606AC571B44CF984EF108 /* Default.png */; };
		9A7CAFBE14BF4060847C379C /* Default@2x.png in Resources */ = {isa = PBXBuildFile; fileRef = 5F5BBCACE5A442948416A5D4 /* Default@2x.png */; };
		59C3154621BE40869F97370F /* Icon-Small-50.png in Resources */ = {isa = PBXBuildFile; fileRef = D2A665C54DF94DA7B99140A4 /* Icon-Small-50.png */; };
		9BE41391B9794DD0AB8F6FDE /* Icon-Small-50@2x.png in Resources */ = {isa = PBXBuildFile; fileRef = 43D85EA705B8477EB32EB2BD /* Icon-Small-50@2x.png */; };
		B1247CB28DA64BB496C9CE56 /* Icon-Small.png in Resources */ = {isa = PBXBuildFile; fileRef = 53D79B443D0A43C98BC3863B /* Icon-Small.png */; };
		AC98567B24704CD3845E8EE9 /* Icon-Small@2x.png in Resources */ = {isa = PBXBuildFile; fileRef = EE4A1E8E50B74C2C8BD49BA1 /* Icon-Small@2x.png */; };
		6947D01AEE8046CFBD46F0E7 /* build.xcconfig in Resources */ = {isa = PBXBuildFile; fileRef = 9268FB6E85A44DCAB961C90C /* build.xcconfig */; };
		C215BB76A68143448DA2E3BA /* icon-40.png in Resources */ = {isa = PBXBuildFile; fileRef = 6B07EB80AA184D6CB2CB4F06 /* icon-40.png */; };
		97791F4E03E340288100ED7B /* icon-40@2x.png in Resources */ = {isa = PBXBuildFile; fileRef = EB636D1477BA44BE94575C9A /* icon-40@2x.png */; };
		F1B26B8501B84314A478BFAE /* icon-60.png in Resources */ = {isa = PBXBuildFile; fileRef = 4E85EED677554E4AA41CA81A /* icon-60.png */; };
		16CB180B06D641D7842E0BDD /* icon-60@2x.png in Resources */ = {isa = PBXBuildFile; fileRef = 62C6D557EDE64188840B33AC /* icon-60@2x.png */; };
		B5EFAD05ED3A4835AB0764C5 /* icon-72.png in Resources */ = {isa = PBXBuildFile; fileRef = CFA6D8F062D94B46A8656095 /* icon-72.png */; };
		04178C26DA9A472C8F3B706A /* icon-72@2x.png in Resources */ = {isa = PBXBuildFile; fileRef = 7ABE74AD45D44B7A8C6432C6 /* icon-72@2x.png */; };
		5702F4E7B660422293CE0059 /* icon-76.png in Resources */ = {isa = PBXBuildFile; fileRef = 39EAD1360DC74DD692DA6430 /* icon-76.png */; };
		D8921970D2604DB2992895B6 /* icon-76@2x.png in Resources */ = {isa = PBXBuildFile; fileRef = ECEC49A023CC495D9B118D46 /* icon-76@2x.png */; };
		7F24B5952CD440F690563DCC /* icon.png in Resources */ = {isa = PBXBuildFile; fileRef = 4B1FEC88610D44F3A04BB217 /* icon.png */; };
		F1B80F4438B34ACAA06BBF50 /* icon@2x.png in Resources */ = {isa = PBXBuildFile; fileRef = FE07D14FCD634E048BBFFBAB /* icon@2x.png */; };
		1CCB28CBFADB4F1F92B38839 /* TelerikUI.framework in Frameworks */ = {isa = PBXBuildFile; fileRef = D0AC101557024D438AA937BF /* TelerikUI.framework */; };
		EB15FFFB625245408A6FE2DC /* TelerikUI.framework in Embed Frameworks */ = {isa = PBXBuildFile; fileRef = D0AC101557024D438AA937BF /* TelerikUI.framework */; settings = {ATTRIBUTES = (CodeSignOnCopy, RemoveHeadersOnCopy, ); }; };
/* End PBXBuildFile section */

/* Begin PBXCopyFilesBuildPhase section */
		85F5BDFC1A9363BE006B9701 /* Embed Frameworks */ = {
			isa = PBXCopyFilesBuildPhase;
			buildActionMask = 2147483647;
			dstPath = "";
			dstSubfolderSpec = 10;
			files = (
				EB15FFFB625245408A6FE2DC /* TelerikUI.framework in Embed Frameworks */,
			);
			name = "Embed Frameworks";
			runOnlyForDeploymentPostprocessing = 0;
		};
/* End PBXCopyFilesBuildPhase section */

/* Begin PBXFileReference section */
		858B832E18CA111C00AB12DE /* cats.app */ = {isa = PBXFileReference; explicitFileType = wrapper.application; includeInIndex = 0; path = cats.app; sourceTree = BUILT_PRODUCTS_DIR; };
		858B833918CA111C00AB12DE /* cats-Info.plist */ = {isa = PBXFileReference; lastKnownFileType = text.plist.xml; path = "cats-Info.plist"; sourceTree = "<group>"; };
		858B833B18CA111C00AB12DE /* en */ = {isa = PBXFileReference; lastKnownFileType = text.plist.strings; name = en; path = en.lproj/InfoPlist.strings; sourceTree = "<group>"; };
		858B833F18CA111C00AB12DE /* cats-Prefix.pch */ = {isa = PBXFileReference; lastKnownFileType = sourcecode.c.h; path = "cats-Prefix.pch"; sourceTree = "<group>"; };
		858B843318CA22B800AB12DE /* cats.app */ = {isa = PBXFileReference; explicitFileType = wrapper.application; includeInIndex = 0; path = cats.app; sourceTree = BUILT_PRODUCTS_DIR; };
		CD45EE7A18DC2D5800FB50C0 /* app */ = {isa = PBXFileReference; lastKnownFileType = folder; path = app; sourceTree = "<group>"; };
		CD62955C1BB2678900AE3A93 /* main.m */ = {isa = PBXFileReference; fileEncoding = 4; lastKnownFileType = sourcecode.c.objc; name = main.m; path = internal/main.m; sourceTree = SOURCE_ROOT; };
		CDD59A261BB43B5D00EC2671 /* build-debug.xcconfig */ = {isa = PBXFileReference; fileEncoding = 4; lastKnownFileType = text.xcconfig; path = "build-debug.xcconfig"; sourceTree = "<group>"; };
		CDD59A271BB43B5D00EC2671 /* build-release.xcconfig */ = {isa = PBXFileReference; fileEncoding = 4; lastKnownFileType = text.xcconfig; path = "build-release.xcconfig"; sourceTree = "<group>"; };
		CDF4743E1BA4855C0087EA85 /* build.xcconfig */ = {isa = PBXFileReference; fileEncoding = 4; lastKnownFileType = text.xcconfig; path = build.xcconfig; sourceTree = "<group>"; };
		F9B8C6A31ACEDEEB00547416 /* en */ = {isa = PBXFileReference; lastKnownFileType = file.xib; name = en; path = en.lproj/LaunchScreen.xib; sourceTree = "<group>"; };
		23C0D55846A2455C8A01A73A /* Default-568h@2x.png */ = {isa = PBXFileReference; lastKnownFileType = image.png; name = "Default-568h@2x.png"; path = "cats/Resources/Default-568h@2x.png"; sourceTree = "<group>"; };
		EF975A714DDC4FBA86DFBBC0 /* Default-667h@2x.png */ = {isa = PBXFileReference; lastKnownFileType = image.png; name = "Default-667h@2x.png"; path = "cats/Resources/Default-667h@2x.png"; sourceTree = "<group>"; };
		5B06434FE1994DA0944E1FE1 /* Default-736h@3x.png */ = {isa = PBXFileReference; lastKnownFileType = image.png; name = "Default-736h@3x.png"; path = "cats/Resources/Default-736h@3x.png"; sourceTree = "<group>"; };
		EBE7A82F7D214D02B296678D /* Default-Landscape-568h@2x.png */ = {isa = PBXFileReference; lastKnownFileType = image.png; name = "Default-Landscape-568h@2x.png"; path = "cats/Resources/Default-Landscape-568h@2x.png"; sourceTree = "<group>"; };
		C82A5CB8AA054D8E9854809D /* Default-Landscape-667h@2x.png */ = {isa = PBXFileReference; lastKnownFileType = image.png; name = "Default-Landscape-667h@2x.png"; path = "cats/Resources/Default-Landscape-667h@2x.png"; sourceTree = "<group>"; };
		7631E9B275A7471587627B2D /* Default-Landscape.png */ = {isa = PBXFileReference; lastKnownFileType = image.png; name = "Default-Landscape.png"; path = "cats/Resources/Default-Landscape.png"; sourceTree = "<group>"; };
		FBD948A78D704D9D94B98DC9 /* Default-Landscape@2x.png */ = {isa = PBXFileReference; lastKnownFileType = image.png; name = "Default-Landscape@2x.png"; path = "cats/Resources/Default-Landscape@2x.png"; sourceTree = "<group>"; };
		7008E31D4F0446D58EF0A82C /* Default-Landscape@3x.png */ = {isa = PBXFileReference; lastKnownFileType = image.png; name = "Default-Landscape@3x.png"; path = "cats/Resources/Default-Landscape@3x.png"; sourceTree = "<group>"; };
		0C37DFCB059549FBA73CAC66 /* Default-Portrait.png */ = {isa = PBXFileReference; lastKnownFileType = image.png; name = "Default-Portrait.png"; path = "cats/Resources/Default-Portrait.png"; sourceTree = "<group>"; };
		0585DF5DE7324249A71A0E70 /* Default-Portrait@2x.png */ = {isa = PBXFileReference; lastKnownFileType = image.png; name = "Default-Portrait@2x.png"; path = "cats/Resources/Default-Portrait@2x.png"; sourceTree = "<group>"; };
		4E1606AC571B44CF984EF108 /* Default.png */ = {isa = PBXFileReference; lastKnownFileType = image.png; name = Default.png; path = "cats/Resources/Default.png"; sourceTree = "<group>"; };
		5F5BBCACE5A442948416A5D4 /* Default@2x.png */ = {isa = PBXFileReference; lastKnownFileType = image.png; name = "Default@2x.png"; path = "cats/Resources/Default@2x.png"; sourceTree = "<group>"; };
		D2A665C54DF94DA7B99140A4 /* Icon-Small-50.png */ = {isa = PBXFileReference; lastKnownFileType = image.png; name = "Icon-Small-50.png"; path = "cats/Resources/Icon-Small-50.png"; sourceTree = "<group>"; };
		43D85EA705B8477EB32EB2BD /* Icon-Small-50@2x.png */ = {isa = PBXFileReference; lastKnownFileType = image.png; name = "Icon-Small-50@2x.png"; path = "cats/Resources/Icon-Small-50@2x.png"; sourceTree = "<group>"; };
		53D79B443D0A43C98BC3863B /* Icon-Small.png */ = {isa = PBXFileReference; lastKnownFileType = image.png; name = "Icon-Small.png"; path = "cats/Resources/Icon-Small.png"; sourceTree = "<group>"; };
		EE4A1E8E50B74C2C8BD49BA1 /* Icon-Small@2x.png */ = {isa = PBXFileReference; lastKnownFileType = image.png; name = "Icon-Small@2x.png"; path = "cats/Resources/Icon-Small@2x.png"; sourceTree = "<group>"; };
		9268FB6E85A44DCAB961C90C /* build.xcconfig */ = {isa = PBXFileReference; lastKnownFileType = unknown; name = build.xcconfig; path = "cats/Resources/build.xcconfig"; sourceTree = "<group>"; fileEncoding = 4; };
		6B07EB80AA184D6CB2CB4F06 /* icon-40.png */ = {isa = PBXFileReference; lastKnownFileType = image.png; name = "icon-40.png"; path = "cats/Resources/icon-40.png"; sourceTree = "<group>"; };
		EB636D1477BA44BE94575C9A /* icon-40@2x.png */ = {isa = PBXFileReference; lastKnownFileType = image.png; name = "icon-40@2x.png"; path = "cats/Resources/icon-40@2x.png"; sourceTree = "<group>"; };
		4E85EED677554E4AA41CA81A /* icon-60.png */ = {isa = PBXFileReference; lastKnownFileType = image.png; name = "icon-60.png"; path = "cats/Resources/icon-60.png"; sourceTree = "<group>"; };
		62C6D557EDE64188840B33AC /* icon-60@2x.png */ = {isa = PBXFileReference; lastKnownFileType = image.png; name = "icon-60@2x.png"; path = "cats/Resources/icon-60@2x.png"; sourceTree = "<group>"; };
		CFA6D8F062D94B46A8656095 /* icon-72.png */ = {isa = PBXFileReference; lastKnownFileType = image.png; name = "icon-72.png"; path = "cats/Resources/icon-72.png"; sourceTree = "<group>"; };
		7ABE74AD45D44B7A8C6432C6 /* icon-72@2x.png */ = {isa = PBXFileReference; lastKnownFileType = image.png; name = "icon-72@2x.png"; path = "cats/Resources/icon-72@2x.png"; sourceTree = "<group>"; };
		39EAD1360DC74DD692DA6430 /* icon-76.png */ = {isa = PBXFileReference; lastKnownFileType = image.png; name = "icon-76.png"; path = "cats/Resources/icon-76.png"; sourceTree = "<group>"; };
		ECEC49A023CC495D9B118D46 /* icon-76@2x.png */ = {isa = PBXFileReference; lastKnownFileType = image.png; name = "icon-76@2x.png"; path = "cats/Resources/icon-76@2x.png"; sourceTree = "<group>"; };
		4B1FEC88610D44F3A04BB217 /* icon.png */ = {isa = PBXFileReference; lastKnownFileType = image.png; name = icon.png; path = "cats/Resources/icon.png"; sourceTree = "<group>"; };
		FE07D14FCD634E048BBFFBAB /* icon@2x.png */ = {isa = PBXFileReference; lastKnownFileType = image.png; name = "icon@2x.png"; path = "cats/Resources/icon@2x.png"; sourceTree = "<group>"; };
		D0AC101557024D438AA937BF /* TelerikUI.framework */ = {isa = PBXFileReference; lastKnownFileType = wrapper.framework; name = TelerikUI.framework; path = "../../lib/iOS/TelerikUI.framework"; sourceTree = "<group>"; };
/* End PBXFileReference section */

/* Begin PBXFrameworksBuildPhase section */
		858B83F418CA22B800AB12DE /* Frameworks */ = {
			isa = PBXFrameworksBuildPhase;
			buildActionMask = 2147483647;
			files = (
				1CCB28CBFADB4F1F92B38839 /* TelerikUI.framework in Frameworks */,
			);
			runOnlyForDeploymentPostprocessing = 0;
		};
/* End PBXFrameworksBuildPhase section */

/* Begin PBXGroup section */
		858B832518CA111C00AB12DE = {
			isa = PBXGroup;
			children = (
				E070579D1B39A9D000214BF1 /* Resources */,
				858B833718CA111C00AB12DE /* cats */,
				858B833018CA111C00AB12DE /* Frameworks */,
				858B832F18CA111C00AB12DE /* Products */,
			);
			sourceTree = "<group>";
		};
		858B832F18CA111C00AB12DE /* Products */ = {
			isa = PBXGroup;
			children = (
				858B832E18CA111C00AB12DE /* cats.app */,
				858B843318CA22B800AB12DE /* cats.app */,
			);
			name = Products;
			sourceTree = "<group>";
		};
		858B833018CA111C00AB12DE /* Frameworks */ = {
			isa = PBXGroup;
			children = (
				D0AC101557024D438AA937BF /* TelerikUI.framework */,
			);
			name = Frameworks;
			sourceTree = "<group>";
		};
		858B833718CA111C00AB12DE /* cats */ = {
			isa = PBXGroup;
			children = (
				CD45EE7A18DC2D5800FB50C0 /* app */,
				F9B8C6A21ACEDEEB00547416 /* LaunchScreen.xib */,
				858B833818CA111C00AB12DE /* Supporting Files */,
			);
			path = cats;
			sourceTree = "<group>";
		};
		858B833818CA111C00AB12DE /* Supporting Files */ = {
			isa = PBXGroup;
			children = (
				CDF4743E1BA4855C0087EA85 /* build.xcconfig */,
				CDD59A261BB43B5D00EC2671 /* build-debug.xcconfig */,
				CDD59A271BB43B5D00EC2671 /* build-release.xcconfig */,
				858B833918CA111C00AB12DE /* cats-Info.plist */,
				858B833A18CA111C00AB12DE /* InfoPlist.strings */,
				CD62955C1BB2678900AE3A93 /* main.m */,
				858B833F18CA111C00AB12DE /* cats-Prefix.pch */,
			);
			name = "Supporting Files";
			sourceTree = "<group>";
		};
		E070579D1B39A9D000214BF1 /* Resources */ = {
			isa = PBXGroup;
			children = (
				23C0D55846A2455C8A01A73A /* Default-568h@2x.png */,
				EF975A714DDC4FBA86DFBBC0 /* Default-667h@2x.png */,
				5B06434FE1994DA0944E1FE1 /* Default-736h@3x.png */,
				EBE7A82F7D214D02B296678D /* Default-Landscape-568h@2x.png */,
				C82A5CB8AA054D8E9854809D /* Default-Landscape-667h@2x.png */,
				7631E9B275A7471587627B2D /* Default-Landscape.png */,
				FBD948A78D704D9D94B98DC9 /* Default-Landscape@2x.png */,
				7008E31D4F0446D58EF0A82C /* Default-Landscape@3x.png */,
				0C37DFCB059549FBA73CAC66 /* Default-Portrait.png */,
				0585DF5DE7324249A71A0E70 /* Default-Portrait@2x.png */,
				4E1606AC571B44CF984EF108 /* Default.png */,
				5F5BBCACE5A442948416A5D4 /* Default@2x.png */,
				D2A665C54DF94DA7B99140A4 /* Icon-Small-50.png */,
				43D85EA705B8477EB32EB2BD /* Icon-Small-50@2x.png */,
				53D79B443D0A43C98BC3863B /* Icon-Small.png */,
				EE4A1E8E50B74C2C8BD49BA1 /* Icon-Small@2x.png */,
				9268FB6E85A44DCAB961C90C /* build.xcconfig */,
				6B07EB80AA184D6CB2CB4F06 /* icon-40.png */,
				EB636D1477BA44BE94575C9A /* icon-40@2x.png */,
				4E85EED677554E4AA41CA81A /* icon-60.png */,
				62C6D557EDE64188840B33AC /* icon-60@2x.png */,
				CFA6D8F062D94B46A8656095 /* icon-72.png */,
				7ABE74AD45D44B7A8C6432C6 /* icon-72@2x.png */,
				39EAD1360DC74DD692DA6430 /* icon-76.png */,
				ECEC49A023CC495D9B118D46 /* icon-76@2x.png */,
				4B1FEC88610D44F3A04BB217 /* icon.png */,
				FE07D14FCD634E048BBFFBAB /* icon@2x.png */,
			);
			name = Resources;
			sourceTree = "<group>";
		};
/* End PBXGroup section */

/* Begin PBXNativeTarget section */
		858B83EF18CA22B800AB12DE /* cats */ = {
			isa = PBXNativeTarget;
			buildConfigurationList = 858B843018CA22B800AB12DE /* Build configuration list for PBXNativeTarget "cats" */;
			buildPhases = (
				C97FD7AC1ADE5369004DB2A4 /* NativeScript PreBuild */,
				858B83F218CA22B800AB12DE /* Sources */,
				CD62955B1BB2651D00AE3A93 /* NativeScript PreLink */,
				858B83F418CA22B800AB12DE /* Frameworks */,
				858B842C18CA22B800AB12DE /* Resources */,
				85F5BDFC1A9363BE006B9701 /* Embed Frameworks */,
				CD3EAD351B05FF060042DBFC /* NativeScript PostBuild */,
			);
			buildRules = (
			);
			dependencies = (
			);
			name = cats;
			productName = JDBridgeApp;
			productReference = 858B843318CA22B800AB12DE /* cats.app */;
			productType = "com.apple.product-type.application";
		};
/* End PBXNativeTarget section */

/* Begin PBXProject section */
		858B832618CA111C00AB12DE /* Project object */ = {
			isa = PBXProject;
			attributes = {
				CLASSPREFIX = TNS;
				LastUpgradeCheck = 500;
				ORGANIZATIONNAME = Telerik;
			};
			buildConfigurationList = 858B832918CA111C00AB12DE /* Build configuration list for PBXProject "cats" */;
			compatibilityVersion = "Xcode 3.2";
			developmentRegion = English;
			hasScannedForEncodings = 0;
			knownRegions = (
				en,
			);
			mainGroup = 858B832518CA111C00AB12DE;
			productRefGroup = 858B832F18CA111C00AB12DE /* Products */;
			projectDirPath = "";
			projectRoot = "";
			targets = (
				858B83EF18CA22B800AB12DE /* cats */,
			);
		};
/* End PBXProject section */

/* Begin PBXResourcesBuildPhase section */
		858B842C18CA22B800AB12DE /* Resources */ = {
			isa = PBXResourcesBuildPhase;
			buildActionMask = 2147483647;
			files = (
				CD45EE7C18DC2D5800FB50C0 /* app in Resources */,
				858B842D18CA22B800AB12DE /* InfoPlist.strings in Resources */,
				CF221E41486D489EB81C712E /* Default-568h@2x.png in Resources */,
				BF2A32DA5BAC468E95FF07EE /* Default-667h@2x.png in Resources */,
				FE27456A98A64788AADCAE9C /* Default-736h@3x.png in Resources */,
				DBE10A6D40384FBF8FC8A9D5 /* Default-Landscape-568h@2x.png in Resources */,
				BDCF4D566B07469DB1909B86 /* Default-Landscape-667h@2x.png in Resources */,
				A7B69065D7C241DDAED17B55 /* Default-Landscape.png in Resources */,
				9A0F746E07EE4FF2AE321FD4 /* Default-Landscape@2x.png in Resources */,
				70F4BCA8F0A64C708833A140 /* Default-Landscape@3x.png in Resources */,
				72356519E02446A89AD24A33 /* Default-Portrait.png in Resources */,
				824144EB7AC04BA681621F29 /* Default-Portrait@2x.png in Resources */,
				C5B66D517056471DB5B49462 /* Default.png in Resources */,
				9A7CAFBE14BF4060847C379C /* Default@2x.png in Resources */,
				59C3154621BE40869F97370F /* Icon-Small-50.png in Resources */,
				9BE41391B9794DD0AB8F6FDE /* Icon-Small-50@2x.png in Resources */,
				B1247CB28DA64BB496C9CE56 /* Icon-Small.png in Resources */,
				AC98567B24704CD3845E8EE9 /* Icon-Small@2x.png in Resources */,
				6947D01AEE8046CFBD46F0E7 /* build.xcconfig in Resources */,
				C215BB76A68143448DA2E3BA /* icon-40.png in Resources */,
				97791F4E03E340288100ED7B /* icon-40@2x.png in Resources */,
				F1B26B8501B84314A478BFAE /* icon-60.png in Resources */,
				16CB180B06D641D7842E0BDD /* icon-60@2x.png in Resources */,
				B5EFAD05ED3A4835AB0764C5 /* icon-72.png in Resources */,
				04178C26DA9A472C8F3B706A /* icon-72@2x.png in Resources */,
				5702F4E7B660422293CE0059 /* icon-76.png in Resources */,
				D8921970D2604DB2992895B6 /* icon-76@2x.png in Resources */,
				7F24B5952CD440F690563DCC /* icon.png in Resources */,
				F1B80F4438B34ACAA06BBF50 /* icon@2x.png in Resources */,
			);
			runOnlyForDeploymentPostprocessing = 0;
		};
/* End PBXResourcesBuildPhase section */

/* Begin PBXShellScriptBuildPhase section */
		C97FD7AC1ADE5369004DB2A4 /* NativeScript PreBuild */ = {
			isa = PBXShellScriptBuildPhase;
			buildActionMask = 2147483647;
			files = (
			);
			inputPaths = (
			);
			name = "NativeScript PreBuild";
			outputPaths = (
			);
			runOnlyForDeploymentPostprocessing = 0;
			shellPath = /bin/sh;
			shellScript = "\"$SRCROOT/internal/nativescript-pre-build\"";
			showEnvVarsInLog = 0;
		};
		CD3EAD351B05FF060042DBFC /* NativeScript PostBuild */ = {
			isa = PBXShellScriptBuildPhase;
			buildActionMask = 2147483647;
			files = (
			);
			inputPaths = (
			);
			name = "NativeScript PostBuild";
			outputPaths = (
			);
			runOnlyForDeploymentPostprocessing = 0;
			shellPath = /bin/sh;
			shellScript = "\"$SRCROOT/internal/nativescript-post-build\"";
			showEnvVarsInLog = 0;
		};
		CD62955B1BB2651D00AE3A93 /* NativeScript PreLink */ = {
			isa = PBXShellScriptBuildPhase;
			buildActionMask = 2147483647;
			files = (
			);
			inputPaths = (
			);
			name = "NativeScript PreLink";
			outputPaths = (
			);
			runOnlyForDeploymentPostprocessing = 0;
			shellPath = /bin/sh;
			shellScript = "\"$SRCROOT/internal/nativescript-pre-link\"";
			showEnvVarsInLog = 0;
		};
/* End PBXShellScriptBuildPhase section */

/* Begin PBXSourcesBuildPhase section */
		858B83F218CA22B800AB12DE /* Sources */ = {
			isa = PBXSourcesBuildPhase;
			buildActionMask = 2147483647;
			files = (
				CD62955D1BB2678900AE3A93 /* main.m in Sources */,
			);
			runOnlyForDeploymentPostprocessing = 0;
		};
/* End PBXSourcesBuildPhase section */

/* Begin PBXVariantGroup section */
		858B833A18CA111C00AB12DE /* InfoPlist.strings */ = {
			isa = PBXVariantGroup;
			children = (
				858B833B18CA111C00AB12DE /* en */,
			);
			name = InfoPlist.strings;
			sourceTree = "<group>";
		};
		F9B8C6A21ACEDEEB00547416 /* LaunchScreen.xib */ = {
			isa = PBXVariantGroup;
			children = (
				F9B8C6A31ACEDEEB00547416 /* en */,
			);
			name = LaunchScreen.xib;
			sourceTree = "<group>";
		};
/* End PBXVariantGroup section */

/* Begin XCBuildConfiguration section */
		858B835818CA111C00AB12DE /* Debug */ = {
			isa = XCBuildConfiguration;
			buildSettings = {
				ALWAYS_SEARCH_USER_PATHS = NO;
				ARCHS = "$(ARCHS_STANDARD)";
				CLANG_CXX_LANGUAGE_STANDARD = "gnu++0x";
				CLANG_CXX_LIBRARY = "libc++";
				CLANG_ENABLE_MODULES = YES;
				CLANG_ENABLE_OBJC_ARC = YES;
				CLANG_WARN_BOOL_CONVERSION = YES;
				CLANG_WARN_CONSTANT_CONVERSION = YES;
				CLANG_WARN_DIRECT_OBJC_ISA_USAGE = YES_ERROR;
				CLANG_WARN_EMPTY_BODY = YES;
				CLANG_WARN_ENUM_CONVERSION = YES;
				CLANG_WARN_INT_CONVERSION = YES;
				CLANG_WARN_OBJC_ROOT_CLASS = YES_ERROR;
				CLANG_WARN__DUPLICATE_METHOD_MATCH = YES;
				"CODE_SIGN_IDENTITY[sdk=iphoneos*]" = "iPhone Developer";
				COPY_PHASE_STRIP = NO;
				GCC_C_LANGUAGE_STANDARD = gnu99;
				GCC_DYNAMIC_NO_PIC = NO;
				GCC_OPTIMIZATION_LEVEL = 0;
				GCC_SYMBOLS_PRIVATE_EXTERN = NO;
				GCC_WARN_64_TO_32_BIT_CONVERSION = YES;
				GCC_WARN_ABOUT_RETURN_TYPE = YES_ERROR;
				GCC_WARN_UNDECLARED_SELECTOR = YES;
				GCC_WARN_UNINITIALIZED_AUTOS = YES;
				GCC_WARN_UNUSED_FUNCTION = YES;
				GCC_WARN_UNUSED_VARIABLE = YES;
				IPHONEOS_DEPLOYMENT_TARGET = 8.0;
				ONLY_ACTIVE_ARCH = YES;
				SDKROOT = iphoneos;
				TARGETED_DEVICE_FAMILY = "1,2";
				VALID_ARCHS = "armv7 arm64";
			};
			name = Debug;
		};
		858B835918CA111C00AB12DE /* Release */ = {
			isa = XCBuildConfiguration;
			buildSettings = {
				ALWAYS_SEARCH_USER_PATHS = NO;
				ARCHS = "$(ARCHS_STANDARD)";
				CLANG_CXX_LANGUAGE_STANDARD = "gnu++0x";
				CLANG_CXX_LIBRARY = "libc++";
				CLANG_ENABLE_MODULES = YES;
				CLANG_ENABLE_OBJC_ARC = YES;
				CLANG_WARN_BOOL_CONVERSION = YES;
				CLANG_WARN_CONSTANT_CONVERSION = YES;
				CLANG_WARN_DIRECT_OBJC_ISA_USAGE = YES_ERROR;
				CLANG_WARN_EMPTY_BODY = YES;
				CLANG_WARN_ENUM_CONVERSION = YES;
				CLANG_WARN_INT_CONVERSION = YES;
				CLANG_WARN_OBJC_ROOT_CLASS = YES_ERROR;
				CLANG_WARN__DUPLICATE_METHOD_MATCH = YES;
				"CODE_SIGN_IDENTITY[sdk=iphoneos*]" = "iPhone Developer";
				COPY_PHASE_STRIP = YES;
				ENABLE_NS_ASSERTIONS = NO;
				GCC_C_LANGUAGE_STANDARD = gnu99;
				GCC_WARN_64_TO_32_BIT_CONVERSION = YES;
				GCC_WARN_ABOUT_RETURN_TYPE = YES_ERROR;
				GCC_WARN_UNDECLARED_SELECTOR = YES;
				GCC_WARN_UNINITIALIZED_AUTOS = YES;
				GCC_WARN_UNUSED_FUNCTION = YES;
				GCC_WARN_UNUSED_VARIABLE = YES;
				IPHONEOS_DEPLOYMENT_TARGET = 8.0;
				SDKROOT = iphoneos;
				TARGETED_DEVICE_FAMILY = "1,2";
				VALIDATE_PRODUCT = YES;
				VALID_ARCHS = "armv7 arm64";
			};
			name = Release;
		};
		858B843118CA22B800AB12DE /* Debug */ = {
			isa = XCBuildConfiguration;
			baseConfigurationReference = CDD59A261BB43B5D00EC2671 /* build-debug.xcconfig */;
			buildSettings = {
				ARCHS = "$(ARCHS_STANDARD)";
				CLANG_ENABLE_MODULES = NO;
				CLANG_MODULES_AUTOLINK = NO;
				ENABLE_BITCODE = NO;
				GCC_PRECOMPILE_PREFIX_HEADER = YES;
				GCC_PREFIX_HEADER = "cats/cats-Prefix.pch";
				GCC_PREPROCESSOR_DEFINITIONS = (
					"$(inherited)",
					"DEBUG=1",
				);
				INFOPLIST_FILE = "$(SRCROOT)/cats/cats-Info.plist";
				LD_RUNPATH_SEARCH_PATHS = "$(inherited) @executable_path/Frameworks";
				PRODUCT_NAME = cats;
				VALID_ARCHS = "armv7 arm64";
				WRAPPER_EXTENSION = app;
				FRAMEWORK_SEARCH_PATHS = (
					"$(inherited)",
					"\"../../lib/iOS\"",
				);
			};
			name = Debug;
		};
		858B843218CA22B800AB12DE /* Release */ = {
			isa = XCBuildConfiguration;
			baseConfigurationReference = CDD59A271BB43B5D00EC2671 /* build-release.xcconfig */;
			buildSettings = {
				ARCHS = "$(ARCHS_STANDARD)";
				CLANG_ENABLE_MODULES = NO;
				CLANG_MODULES_AUTOLINK = NO;
				ENABLE_BITCODE = NO;
				GCC_PRECOMPILE_PREFIX_HEADER = YES;
				GCC_PREFIX_HEADER = "cats/cats-Prefix.pch";
				INFOPLIST_FILE = "$(SRCROOT)/cats/cats-Info.plist";
				LD_RUNPATH_SEARCH_PATHS = "$(inherited) @executable_path/Frameworks";
				PRODUCT_NAME = cats;
				VALID_ARCHS = "armv7 arm64";
				WRAPPER_EXTENSION = app;
				FRAMEWORK_SEARCH_PATHS = (
					"$(inherited)",
					"\"../../lib/iOS\"",
				);
			};
			name = Release;
		};
/* End XCBuildConfiguration section */

/* Begin XCConfigurationList section */
		858B832918CA111C00AB12DE /* Build configuration list for PBXProject "cats" */ = {
			isa = XCConfigurationList;
			buildConfigurations = (
				858B835818CA111C00AB12DE /* Debug */,
				858B835918CA111C00AB12DE /* Release */,
			);
			defaultConfigurationIsVisible = 0;
			defaultConfigurationName = Release;
		};
		858B843018CA22B800AB12DE /* Build configuration list for PBXNativeTarget "cats" */ = {
			isa = XCConfigurationList;
			buildConfigurations = (
				858B843118CA22B800AB12DE /* Debug */,
				858B843218CA22B800AB12DE /* Release */,
			);
			defaultConfigurationIsVisible = 0;
			defaultConfigurationName = Release;
		};
/* End XCConfigurationList section */
	};
	rootObject = 858B832618CA111C00AB12DE /* Project object */;
}
